
Microsoft Visual Studio Solution File, Format Version 12.00
# Visual Studio 2015
Project("{FAE04EC0-301F-11D3-BF4B-00C04F79EFBC}") = "UnityVS.FogOfWarV3.CSharp", "UnityVS.FogOfWarV3.CSharp.csproj", "{C2D3CD68-7F6E-9348-F9B6-F361D929D68A}"
EndProject
Project("{FAE04EC0-301F-11D3-BF4B-00C04F79EFBC}") = "UnityVS.FogOfWarV3.CSharp.Editor", "UnityVS.FogOfWarV3.CSharp.Editor.csproj", "{3ADA2557-0C78-BEB6-BA6C-970BD2717FB5}"
EndProject
Global
	GlobalSection(SolutionConfigurationPlatforms) = preSolution
		Debug|Any CPU = Debug|Any CPU
		Release|Any CPU = Release|Any CPU
	EndGlobalSection
	GlobalSection(ProjectConfigurationPlatforms) = postSolution
		{C2D3CD68-7F6E-9348-F9B6-F361D929D68A}.Debug|Any CPU.ActiveCfg = Debug|Any CPU
		{C2D3CD68-7F6E-9348-F9B6-F361D929D68A}.Debug|Any CPU.Build.0 = Debug|Any CPU
		{C2D3CD68-7F6E-9348-F9B6-F361D929D68A}.Release|Any CPU.ActiveCfg = Release|Any CPU
		{C2D3CD68-7F6E-9348-F9B6-F361D929D68A}.Release|Any CPU.Build.0 = Release|Any CPU
		{3ADA2557-0C78-BEB6-BA6C-970BD2717FB5}.Debug|Any CPU.ActiveCfg = Debug|Any CPU
		{3ADA2557-0C78-BEB6-BA6C-970BD2717FB5}.Debug|Any CPU.Build.0 = Debug|Any CPU
		{3ADA2557-0C78-BEB6-BA6C-970BD2717FB5}.Release|Any CPU.ActiveCfg = Release|Any CPU
		{3ADA2557-0C78-BEB6-BA6C-970BD2717FB5}.Release|Any CPU.Build.0 = Release|Any CPU
	EndGlobalSection
	GlobalSection(SolutionProperties) = preSolution
		HideSolutionNode = FALSE
	EndGlobalSection
EndGlobal
